
Microsoft Visual Studio Solution File, Format Version 12.00
# Visual Studio 2013
VisualStudioVersion = 12.0.21005.1
MinimumVisualStudioVersion = 10.0.40219.1
Project("{8BC9CEB8-8B4A-11D0-8D11-00A0C91BC942}") = "vHelix", "vHelix\vHelix.vcxproj", "{5C8028F0-F097-417C-A031-767A3B2C50D6}"
EndProject
Global
	GlobalSection(SolutionConfigurationPlatforms) = preSolution
		Maya 2011 Debug|Win32 = Maya 2011 Debug|Win32
		Maya 2011 Debug|x64 = Maya 2011 Debug|x64
		Maya 2011 Release|Win32 = Maya 2011 Release|Win32
		Maya 2011 Release|x64 = Maya 2011 Release|x64
		Maya 2012 Debug|Win32 = Maya 2012 Debug|Win32
		Maya 2012 Debug|x64 = Maya 2012 Debug|x64
		Maya 2012 Release|Win32 = Maya 2012 Release|Win32
		Maya 2012 Release|x64 = Maya 2012 Release|x64
		Maya 2013 Debug|Win32 = Maya 2013 Debug|Win32
		Maya 2013 Debug|x64 = Maya 2013 Debug|x64
		Maya 2013 Release|Win32 = Maya 2013 Release|Win32
		Maya 2013 Release|x64 = Maya 2013 Release|x64
		Maya 2014 Debug|Win32 = Maya 2014 Debug|Win32
		Maya 2014 Debug|x64 = Maya 2014 Debug|x64
		Maya 2014 Release|Win32 = Maya 2014 Release|Win32
		Maya 2014 Release|x64 = Maya 2014 Release|x64
	EndGlobalSection
	GlobalSection(ProjectConfigurationPlatforms) = postSolution
		{5C8028F0-F097-417C-A031-767A3B2C50D6}.Maya 2011 Debug|Win32.ActiveCfg = Maya 2011 Debug|Win32
		{5C8028F0-F097-417C-A031-767A3B2C50D6}.Maya 2011 Debug|Win32.Build.0 = Maya 2011 Debug|Win32
		{5C8028F0-F097-417C-A031-767A3B2C50D6}.Maya 2011 Debug|x64.ActiveCfg = Maya 2011 Debug|x64
		{5C8028F0-F097-417C-A031-767A3B2C50D6}.Maya 2011 Debug|x64.Build.0 = Maya 2011 Debug|x64
		{5C8028F0-F097-417C-A031-767A3B2C50D6}.Maya 2011 Release|Win32.ActiveCfg = Maya 2011 Release|Win32
		{5C8028F0-F097-417C-A031-767A3B2C50D6}.Maya 2011 Release|Win32.Build.0 = Maya 2011 Release|Win32
		{5C8028F0-F097-417C-A031-767A3B2C50D6}.Maya 2011 Release|x64.ActiveCfg = Maya 2011 Release|x64
		{5C8028F0-F097-417C-A031-767A3B2C50D6}.Maya 2011 Release|x64.Build.0 = Maya 2011 Release|x64
		{5C8028F0-F097-417C-A031-767A3B2C50D6}.Maya 2012 Debug|Win32.ActiveCfg = Maya 2012 Debug|Win32
		{5C8028F0-F097-417C-A031-767A3B2C50D6}.Maya 2012 Debug|Win32.Build.0 = Maya 2012 Debug|Win32
		{5C8028F0-F097-417C-A031-767A3B2C50D6}.Maya 2012 Debug|x64.ActiveCfg = Maya 2012 Debug|x64
		{5C8028F0-F097-417C-A031-767A3B2C50D6}.Maya 2012 Debug|x64.Build.0 = Maya 2012 Debug|x64
		{5C8028F0-F097-417C-A031-767A3B2C50D6}.Maya 2012 Release|Win32.ActiveCfg = Maya 2012 Release|Win32
		{5C8028F0-F097-417C-A031-767A3B2C50D6}.Maya 2012 Release|Win32.Build.0 = Maya 2012 Release|Win32
		{5C8028F0-F097-417C-A031-767A3B2C50D6}.Maya 2012 Release|x64.ActiveCfg = Maya 2012 Release|x64
		{5C8028F0-F097-417C-A031-767A3B2C50D6}.Maya 2012 Release|x64.Build.0 = Maya 2012 Release|x64
		{5C8028F0-F097-417C-A031-767A3B2C50D6}.Maya 2013 Debug|Win32.ActiveCfg = Maya 2013 Debug|Win32
		{5C8028F0-F097-417C-A031-767A3B2C50D6}.Maya 2013 Debug|Win32.Build.0 = Maya 2013 Debug|Win32
		{5C8028F0-F097-417C-A031-767A3B2C50D6}.Maya 2013 Debug|x64.ActiveCfg = Maya 2013 Debug|x64
		{5C8028F0-F097-417C-A031-767A3B2C50D6}.Maya 2013 Debug|x64.Build.0 = Maya 2013 Debug|x64
		{5C8028F0-F097-417C-A031-767A3B2C50D6}.Maya 2013 Release|Win32.ActiveCfg = Maya 2013 Release|Win32
		{5C8028F0-F097-417C-A031-767A3B2C50D6}.Maya 2013 Release|Win32.Build.0 = Maya 2013 Release|Win32
		{5C8028F0-F097-417C-A031-767A3B2C50D6}.Maya 2013 Release|x64.ActiveCfg = Maya 2013 Release|x64
		{5C8028F0-F097-417C-A031-767A3B2C50D6}.Maya 2013 Release|x64.Build.0 = Maya 2013 Release|x64
		{5C8028F0-F097-417C-A031-767A3B2C50D6}.Maya 2014 Debug|Win32.ActiveCfg = Maya 2014 Debug|Win32
		{5C8028F0-F097-417C-A031-767A3B2C50D6}.Maya 2014 Debug|Win32.Build.0 = Maya 2014 Debug|Win32
		{5C8028F0-F097-417C-A031-767A3B2C50D6}.Maya 2014 Debug|x64.ActiveCfg = Maya 2014 Debug|x64
		{5C8028F0-F097-417C-A031-767A3B2C50D6}.Maya 2014 Debug|x64.Build.0 = Maya 2014 Debug|x64
		{5C8028F0-F097-417C-A031-767A3B2C50D6}.Maya 2014 Release|Win32.ActiveCfg = Maya 2014 Release|Win32
		{5C8028F0-F097-417C-A031-767A3B2C50D6}.Maya 2014 Release|Win32.Build.0 = Maya 2014 Release|Win32
		{5C8028F0-F097-417C-A031-767A3B2C50D6}.Maya 2014 Release|x64.ActiveCfg = Maya 2014 Release|x64
		{5C8028F0-F097-417C-A031-767A3B2C50D6}.Maya 2014 Release|x64.Build.0 = Maya 2014 Release|x64
	EndGlobalSection
	GlobalSection(SolutionProperties) = preSolution
		HideSolutionNode = FALSE
	EndGlobalSection
EndGlobal
