<?xml version="1.0" encoding="utf-8"?>
<Project ToolsVersion="4.0" xmlns="http://schemas.microsoft.com/developer/msbuild/2003">
  <ItemGroup>
    <Filter Include="Source Files">
      <UniqueIdentifier>{4FC737F1-C7A5-4376-A066-2A32D752A2FF}</UniqueIdentifier>
      <Extensions>cpp;c;cc;cxx;def;odl;idl;hpj;bat;asm;asmx</Extensions>
    </Filter>
    <Filter Include="Header Files">
      <UniqueIdentifier>{93995380-89BD-4b04-88EB-625FBE52EBFB}</UniqueIdentifier>
      <Extensions>h;hpp;hxx;hm;inl;inc;xsd</Extensions>
    </Filter>
    <Filter Include="Resource Files">
      <UniqueIdentifier>{67DA6AB6-F800-4c08-8B7A-83BB121AAD01}</UniqueIdentifier>
      <Extensions>rc;ico;cur;bmp;dlg;rc2;rct;bin;rgs;gif;jpg;jpeg;jpe;resx;tiff;tif;png;wav;mfcribbon-ms</Extensions>
    </Filter>
    <Filter Include="Header Files\model">
      <UniqueIdentifier>{7d12a70d-f055-410a-baf0-0c49c915a688}</UniqueIdentifier>
    </Filter>
    <Filter Include="Header Files\controller">
      <UniqueIdentifier>{bc5fec4f-dde8-40d4-b8b4-9afd3370bc99}</UniqueIdentifier>
    </Filter>
    <Filter Include="Header Files\json">
      <UniqueIdentifier>{38b6a143-58e4-47b6-bf79-580e8145b425}</UniqueIdentifier>
    </Filter>
    <Filter Include="Source Files\controller">
      <UniqueIdentifier>{a41a9320-6dc8-4972-8227-16c31a937ab6}</UniqueIdentifier>
    </Filter>
    <Filter Include="Source Files\model">
      <UniqueIdentifier>{2508124a-c87b-4d73-9289-64e8bd2c07d8}</UniqueIdentifier>
    </Filter>
    <Filter Include="Header Files\view">
      <UniqueIdentifier>{58cc321c-c5ab-445c-a753-253b2a2f5f20}</UniqueIdentifier>
    </Filter>
    <Filter Include="Source Files\view">
      <UniqueIdentifier>{847f838d-16b5-4e6f-b760-1b09cca8a8b6}</UniqueIdentifier>
    </Filter>
  </ItemGroup>
  <ItemGroup>
    <ClInclude Include="..\include\ApplySequence.h">
      <Filter>Header Files</Filter>
    </ClInclude>
    <ClInclude Include="..\include\ApplySequenceGui.h">
      <Filter>Header Files</Filter>
    </ClInclude>
    <ClInclude Include="..\include\Connect.h">
      <Filter>Header Files</Filter>
    </ClInclude>
    <ClInclude Include="..\include\Creator.h">
      <Filter>Header Files</Filter>
    </ClInclude>
    <ClInclude Include="..\include\CreatorGui.h">
      <Filter>Header Files</Filter>
    </ClInclude>
    <ClInclude Include="..\include\Definition.h">
      <Filter>Header Files</Filter>
    </ClInclude>
    <ClInclude Include="..\include\Disconnect.h">
      <Filter>Header Files</Filter>
    </ClInclude>
    <ClInclude Include="..\include\DNA.h">
      <Filter>Header Files</Filter>
    </ClInclude>
    <ClInclude Include="..\include\Duplicate.h">
      <Filter>Header Files</Filter>
    </ClInclude>
    <ClInclude Include="..\include\ExportStrands.h">
      <Filter>Header Files</Filter>
    </ClInclude>
    <ClInclude Include="..\include\ExtendGui.h">
      <Filter>Header Files</Filter>
    </ClInclude>
    <ClInclude Include="..\include\FindFivePrimeEnds.h">
      <Filter>Header Files</Filter>
    </ClInclude>
    <ClInclude Include="..\include\Helix.h">
      <Filter>Header Files</Filter>
    </ClInclude>
    <ClInclude Include="..\include\HelixBase.h">
      <Filter>Header Files</Filter>
    </ClInclude>
    <ClInclude Include="..\include\JSONTranslator.h">
      <Filter>Header Files</Filter>
    </ClInclude>
    <ClInclude Include="..\include\Locator.h">
      <Filter>Header Files</Filter>
    </ClInclude>
    <ClInclude Include="..\include\PaintStrand.h">
      <Filter>Header Files</Filter>
    </ClInclude>
    <ClInclude Include="..\include\RetargetBase.h">
      <Filter>Header Files</Filter>
    </ClInclude>
    <ClInclude Include="..\include\ToggleCylinderBaseView.h">
      <Filter>Header Files</Filter>
    </ClInclude>
    <ClInclude Include="..\include\ToggleLocatorRender.h">
      <Filter>Header Files</Filter>
    </ClInclude>
    <ClInclude Include="..\include\Tracker.h">
      <Filter>Header Files</Filter>
    </ClInclude>
    <ClInclude Include="..\include\Utility.h">
      <Filter>Header Files</Filter>
    </ClInclude>
    <ClInclude Include="..\include\model\Base.h">
      <Filter>Header Files\model</Filter>
    </ClInclude>
    <ClInclude Include="..\include\model\Helix.h">
      <Filter>Header Files\model</Filter>
    </ClInclude>
    <ClInclude Include="..\include\model\Material.h">
      <Filter>Header Files\model</Filter>
    </ClInclude>
    <ClInclude Include="..\include\model\Object.h">
      <Filter>Header Files\model</Filter>
    </ClInclude>
    <ClInclude Include="..\include\model\Strand.h">
      <Filter>Header Files\model</Filter>
    </ClInclude>
    <ClInclude Include="..\include\controller\Operation.h">
      <Filter>Header Files\controller</Filter>
    </ClInclude>
    <ClInclude Include="..\include\controller\PaintStrand.h">
      <Filter>Header Files\controller</Filter>
    </ClInclude>
    <ClInclude Include="..\include\json\json.h">
      <Filter>Header Files\json</Filter>
    </ClInclude>
    <ClInclude Include="..\include\json\json-forwards.h">
      <Filter>Header Files\json</Filter>
    </ClInclude>
    <ClInclude Include="..\include\controller\Disconnect.h">
      <Filter>Header Files\controller</Filter>
    </ClInclude>
    <ClInclude Include="..\include\controller\Connect.h">
      <Filter>Header Files\controller</Filter>
    </ClInclude>
    <ClInclude Include="..\include\controller\Duplicate.h">
      <Filter>Header Files\controller</Filter>
    </ClInclude>
    <ClInclude Include="..\include\controller\ExtendStrand.h">
      <Filter>Header Files\controller</Filter>
    </ClInclude>
    <ClInclude Include="..\include\ExtendStrand.h">
      <Filter>Header Files</Filter>
    </ClInclude>
    <ClInclude Include="..\include\controller\ApplySequence.h">
      <Filter>Header Files\controller</Filter>
    </ClInclude>
    <ClInclude Include="..\include\controller\ExportStrands.h">
      <Filter>Header Files\controller</Filter>
    </ClInclude>
    <ClInclude Include="..\include\BackboneArrow.h">
      <Filter>Header Files</Filter>
    </ClInclude>
    <ClInclude Include="..\include\view\BaseShape.h">
      <Filter>Header Files\view</Filter>
    </ClInclude>
    <ClInclude Include="..\include\view\BaseShapeUI.h">
      <Filter>Header Files\view</Filter>
    </ClInclude>
    <ClInclude Include="..\include\controller\JSONImporter.h">
      <Filter>Header Files\controller</Filter>
    </ClInclude>
    <ClInclude Include="..\include\view\HelixShape.h">
      <Filter>Header Files\view</Filter>
    </ClInclude>
    <ClInclude Include="..\include\view\HelixShapeUI.h">
      <Filter>Header Files\view</Filter>
    </ClInclude>
    <ClInclude Include="..\include\opengl.h">
      <Filter>Header Files</Filter>
    </ClInclude>
    <ClInclude Include="..\include\view\ConnectSuggestionsLocatorNode.h">
      <Filter>Header Files\view</Filter>
    </ClInclude>
    <ClInclude Include="..\include\view\ConnectSuggestionsContext.h">
      <Filter>Header Files\view</Filter>
    </ClInclude>
    <ClInclude Include="..\include\view\ConnectSuggestionsContextCommand.h">
      <Filter>Header Files\view</Filter>
    </ClInclude>
    <ClInclude Include="..\include\view\ConnectSuggestionsToolCommand.h">
      <Filter>Header Files\view</Filter>
    </ClInclude>
    <ClInclude Include="..\include\ToggleShowSuggestedConnections.h">
      <Filter>Header Files</Filter>
    </ClInclude>
    <ClInclude Include="..\include\TargetHelixBaseBackward.h">
      <Filter>Header Files</Filter>
    </ClInclude>
    <ClInclude Include="..\include\controller\CreateCurves.h">
      <Filter>Header Files\controller</Filter>
    </ClInclude>
    <ClInclude Include="..\include\CreateCurves.h">
      <Filter>Header Files</Filter>
    </ClInclude>
  </ItemGroup>
  <ItemGroup>
    <ClCompile Include="..\src\ApplySequence.cpp">
      <Filter>Source Files</Filter>
    </ClCompile>
    <ClCompile Include="..\src\ApplySequenceGui.cpp">
      <Filter>Source Files</Filter>
    </ClCompile>
    <ClCompile Include="..\src\Connect.cpp">
      <Filter>Source Files</Filter>
    </ClCompile>
    <ClCompile Include="..\src\Creator.cpp">
      <Filter>Source Files</Filter>
    </ClCompile>
    <ClCompile Include="..\src\CreatorGui.cpp">
      <Filter>Source Files</Filter>
    </ClCompile>
    <ClCompile Include="..\src\Disconnect.cpp">
      <Filter>Source Files</Filter>
    </ClCompile>
    <ClCompile Include="..\src\DNA.cpp">
      <Filter>Source Files</Filter>
    </ClCompile>
    <ClCompile Include="..\src\Duplicate.cpp">
      <Filter>Source Files</Filter>
    </ClCompile>
    <ClCompile Include="..\src\ExportStrands.cpp">
      <Filter>Source Files</Filter>
    </ClCompile>
    <ClCompile Include="..\src\ExtendGui.cpp">
      <Filter>Source Files</Filter>
    </ClCompile>
    <ClCompile Include="..\src\FindFivePrimeEnds.cpp">
      <Filter>Source Files</Filter>
    </ClCompile>
    <ClCompile Include="..\src\Helix.cpp">
      <Filter>Source Files</Filter>
    </ClCompile>
    <ClCompile Include="..\src\HelixBase.cpp">
      <Filter>Source Files</Filter>
    </ClCompile>
    <ClCompile Include="..\src\jsoncpp.cpp">
      <Filter>Source Files</Filter>
    </ClCompile>
    <ClCompile Include="..\src\JSONTranslator.cpp">
      <Filter>Source Files</Filter>
    </ClCompile>
    <ClCompile Include="..\src\Locator.cpp">
      <Filter>Source Files</Filter>
    </ClCompile>
    <ClCompile Include="..\src\main.cpp">
      <Filter>Source Files</Filter>
    </ClCompile>
    <ClCompile Include="..\src\PaintStrand.cpp">
      <Filter>Source Files</Filter>
    </ClCompile>
    <ClCompile Include="..\src\RetargetBase.cpp">
      <Filter>Source Files</Filter>
    </ClCompile>
    <ClCompile Include="..\src\ToggleCylinderBaseView.cpp">
      <Filter>Source Files</Filter>
    </ClCompile>
    <ClCompile Include="..\src\ToggleLocatorRender.cpp">
      <Filter>Source Files</Filter>
    </ClCompile>
    <ClCompile Include="..\src\Tracker.cpp">
      <Filter>Source Files</Filter>
    </ClCompile>
    <ClCompile Include="..\src\Utility.cpp">
      <Filter>Source Files</Filter>
    </ClCompile>
    <ClCompile Include="..\src\model\HelixModel.cpp">
      <Filter>Source Files\model</Filter>
    </ClCompile>
    <ClCompile Include="..\src\model\BaseModel.cpp">
      <Filter>Source Files\model</Filter>
    </ClCompile>
    <ClCompile Include="..\src\model\MaterialModel.cpp">
      <Filter>Source Files\model</Filter>
    </ClCompile>
    <ClCompile Include="..\src\model\ObjectModel.cpp">
      <Filter>Source Files\model</Filter>
    </ClCompile>
    <ClCompile Include="..\src\model\StrandModel.cpp">
      <Filter>Source Files\model</Filter>
    </ClCompile>
    <ClCompile Include="..\src\controller\PaintStrandController.cpp">
      <Filter>Source Files\controller</Filter>
    </ClCompile>
    <ClCompile Include="..\src\controller\DisconnectController.cpp">
      <Filter>Source Files\controller</Filter>
    </ClCompile>
    <ClCompile Include="..\src\controller\ConnectController.cpp">
      <Filter>Source Files\controller</Filter>
    </ClCompile>
    <ClCompile Include="..\src\controller\DuplicateController.cpp">
      <Filter>Source Files\controller</Filter>
    </ClCompile>
    <ClCompile Include="..\src\controller\ExtendStrandController.cpp">
      <Filter>Source Files\controller</Filter>
    </ClCompile>
    <ClCompile Include="..\src\ExtendStrand.cpp">
      <Filter>Source Files</Filter>
    </ClCompile>
    <ClCompile Include="..\src\controller\ApplySequenceController.cpp">
      <Filter>Source Files\controller</Filter>
    </ClCompile>
    <ClCompile Include="..\src\controller\ExportStrandsController.cpp">
      <Filter>Source Files\controller</Filter>
    </ClCompile>
    <ClCompile Include="..\src\view\BaseShape.cpp">
      <Filter>Source Files\view</Filter>
    </ClCompile>
    <ClCompile Include="..\src\view\BaseShapeUI.cpp">
      <Filter>Source Files\view</Filter>
    </ClCompile>
    <ClCompile Include="..\src\controller\JSONImporterController.cpp">
      <Filter>Source Files\controller</Filter>
    </ClCompile>
    <ClCompile Include="..\src\view\HelixShape.cpp">
      <Filter>Source Files\view</Filter>
    </ClCompile>
    <ClCompile Include="..\src\view\HelixShapeUI.cpp">
      <Filter>Source Files\view</Filter>
    </ClCompile>
    <ClCompile Include="..\src\opengl.cpp">
      <Filter>Source Files</Filter>
    </ClCompile>
    <ClCompile Include="..\src\view\ConnectSuggestionsLocatorNode.cpp">
      <Filter>Source Files\view</Filter>
    </ClCompile>
    <ClCompile Include="..\src\view\ConnectSuggestionsContext.cpp">
      <Filter>Source Files\view</Filter>
    </ClCompile>
    <ClCompile Include="..\src\view\ConnectSuggestionsContextCommand.cpp">
      <Filter>Source Files\view</Filter>
    </ClCompile>
    <ClCompile Include="..\src\view\ConnectSuggestionsToolCommand.cpp">
      <Filter>Source Files\view</Filter>
    </ClCompile>
    <ClCompile Include="..\src\ToggleShowSuggestedConnections.cpp">
      <Filter>Source Files</Filter>
    </ClCompile>
    <ClCompile Include="..\src\view\double_arrow.cpp">
      <Filter>Source Files\view</Filter>
    </ClCompile>
    <ClCompile Include="..\src\TargetHelixBaseBackward.cpp">
      <Filter>Source Files</Filter>
    </ClCompile>
    <ClCompile Include="..\src\CreateCurves.cpp">
      <Filter>Source Files</Filter>
    </ClCompile>
    <ClCompile Include="..\src\controller\CreateCurvesController.cpp">
      <Filter>Source Files\controller</Filter>
    </ClCompile>
    <ClCompile Include="..\src\controller\RoutedMeshImporterController.cpp">
      <Filter>Source Files\controller</Filter>
    </ClCompile>
    <ClCompile Include="..\src\RoutedMeshTranslator.cpp">
      <Filter>Source Files</Filter>
    </ClCompile>
    <ClCompile Include="..\src\controller\OxDnaExporterController.cpp">
      <Filter>Source Files\controller</Filter>
    </ClCompile>
    <ClCompile Include="..\src\controller\OxDnaImporterController.cpp">
      <Filter>Source Files\controller</Filter>
    </ClCompile>
    <ClCompile Include="..\src\OxDnaTranslator.cpp">
      <Filter>Source Files</Filter>
    </ClCompile>
  </ItemGroup>
  <ItemGroup>
    <None Include="..\README.md">
      <Filter>Resource Files</Filter>
    </None>
  </ItemGroup>
</Project>